
Microsoft Visual Studio Solution File, Format Version 12.00
# Visual Studio Version 17
VisualStudioVersion = 17.11.35222.181
MinimumVisualStudioVersion = 10.0.40219.1
Project("{9092AA53-FB77-4645-B42D-1CCCA6BD08BD}") = "hw2_TypeScript_Console", "hw2_TypeScript_Console\hw2_TypeScript_Console.njsproj", "{0D3390CB-033F-4AFA-AE0B-9272DB8C93B8}"
EndProject
Global
	GlobalSection(SolutionConfigurationPlatforms) = preSolution
		Debug|Any CPU = Debug|Any CPU
		Release|Any CPU = Release|Any CPU
	EndGlobalSection
	GlobalSection(ProjectConfigurationPlatforms) = postSolution
		{0D3390CB-033F-4AFA-AE0B-9272DB8C93B8}.Debug|Any CPU.ActiveCfg = Debug|Any CPU
		{0D3390CB-033F-4AFA-AE0B-9272DB8C93B8}.Debug|Any CPU.Build.0 = Debug|Any CPU
		{0D3390CB-033F-4AFA-AE0B-9272DB8C93B8}.Release|Any CPU.ActiveCfg = Release|Any CPU
		{0D3390CB-033F-4AFA-AE0B-9272DB8C93B8}.Release|Any CPU.Build.0 = Release|Any CPU
	EndGlobalSection
	GlobalSection(SolutionProperties) = preSolution
		HideSolutionNode = FALSE
	EndGlobalSection
	GlobalSection(ExtensibilityGlobals) = postSolution
		SolutionGuid = {4DF05517-6E75-473A-AB92-0D6B6D475AD7}
	EndGlobalSection
EndGlobal
